// !$*UTF8*$!
{
	archiveVersion = 1;
	classes = {
	};
	objectVersion = 46;
	objects = {

/* Begin PBXBuildFile section */
		1228B6CA1A2B912D00561ACB /* PlaySoundsViewController.swift in Sources */ = {isa = PBXBuildFile; fileRef = 1228B6C91A2B912D00561ACB /* PlaySoundsViewController.swift */; };
		1228B6CE1A2BA10700561ACB /* movie_quote.mp3 in Resources */ = {isa = PBXBuildFile; fileRef = 1228B6CD1A2BA10700561ACB /* movie_quote.mp3 */; };
		12E505071A2717890045A82F /* AppDelegate.swift in Sources */ = {isa = PBXBuildFile; fileRef = 12E505061A2717890045A82F /* AppDelegate.swift */; };
		12E505091A2717890045A82F /* ViewController.swift in Sources */ = {isa = PBXBuildFile; fileRef = 12E505081A2717890045A82F /* ViewController.swift */; };
		12E5050C1A2717890045A82F /* Main.storyboard in Resources */ = {isa = PBXBuildFile; fileRef = 12E5050A1A2717890045A82F /* Main.storyboard */; };
		12E5050E1A2717890045A82F /* Images.xcassets in Resources */ = {isa = PBXBuildFile; fileRef = 12E5050D1A2717890045A82F /* Images.xcassets */; };
		12E505111A2717890045A82F /* LaunchScreen.xib in Resources */ = {isa = PBXBuildFile; fileRef = 12E5050F1A2717890045A82F /* LaunchScreen.xib */; };
		12E5051D1A2717890045A82F /* Radio_HeadTests.swift in Sources */ = {isa = PBXBuildFile; fileRef = 12E5051C1A2717890045A82F /* Radio_HeadTests.swift */; };
/* End PBXBuildFile section */

/* Begin PBXContainerItemProxy section */
		12E505171A2717890045A82F /* PBXContainerItemProxy */ = {
			isa = PBXContainerItemProxy;
			containerPortal = 12E504F91A2717890045A82F /* Project object */;
			proxyType = 1;
			remoteGlobalIDString = 12E505001A2717890045A82F;
			remoteInfo = "Radio Head";
		};
/* End PBXContainerItemProxy section */

/* Begin PBXFileReference section */
		1228B6C91A2B912D00561ACB /* PlaySoundsViewController.swift */ = {isa = PBXFileReference; fileEncoding = 4; lastKnownFileType = sourcecode.swift; path = PlaySoundsViewController.swift; sourceTree = "<group>"; };
		1228B6CD1A2BA10700561ACB /* movie_quote.mp3 */ = {isa = PBXFileReference; lastKnownFileType = audio.mp3; path = movie_quote.mp3; sourceTree = "<group>"; };
		12E505011A2717890045A82F /* Radio Head.app */ = {isa = PBXFileReference; explicitFileType = wrapper.application; includeInIndex = 0; path = "Radio Head.app"; sourceTree = BUILT_PRODUCTS_DIR; };
		12E505051A2717890045A82F /* Info.plist */ = {isa = PBXFileReference; lastKnownFileType = text.plist.xml; path = Info.plist; sourceTree = "<group>"; };
		12E505061A2717890045A82F /* AppDelegate.swift */ = {isa = PBXFileReference; lastKnownFileType = sourcecode.swift; path = AppDelegate.swift; sourceTree = "<group>"; };
		12E505081A2717890045A82F /* ViewController.swift */ = {isa = PBXFileReference; lastKnownFileType = sourcecode.swift; path = ViewController.swift; sourceTree = "<group>"; };
		12E5050B1A2717890045A82F /* Base */ = {isa = PBXFileReference; lastKnownFileType = file.storyboard; name = Base; path = Base.lproj/Main.storyboard; sourceTree = "<group>"; };
		12E5050D1A2717890045A82F /* Images.xcassets */ = {isa = PBXFileReference; lastKnownFileType = folder.assetcatalog; path = Images.xcassets; sourceTree = "<group>"; };
		12E505101A2717890045A82F /* Base */ = {isa = PBXFileReference; lastKnownFileType = file.xib; name = Base; path = Base.lproj/LaunchScreen.xib; sourceTree = "<group>"; };
		12E505161A2717890045A82F /* Radio HeadTests.xctest */ = {isa = PBXFileReference; explicitFileType = wrapper.cfbundle; includeInIndex = 0; path = "Radio HeadTests.xctest"; sourceTree = BUILT_PRODUCTS_DIR; };
		12E5051B1A2717890045A82F /* Info.plist */ = {isa = PBXFileReference; lastKnownFileType = text.plist.xml; path = Info.plist; sourceTree = "<group>"; };
		12E5051C1A2717890045A82F /* Radio_HeadTests.swift */ = {isa = PBXFileReference; lastKnownFileType = sourcecode.swift; path = Radio_HeadTests.swift; sourceTree = "<group>"; };
/* End PBXFileReference section */

/* Begin PBXFrameworksBuildPhase section */
		12E504FE1A2717890045A82F /* Frameworks */ = {
			isa = PBXFrameworksBuildPhase;
			buildActionMask = 2147483647;
			files = (
			);
			runOnlyForDeploymentPostprocessing = 0;
		};
		12E505131A2717890045A82F /* Frameworks */ = {
			isa = PBXFrameworksBuildPhase;
			buildActionMask = 2147483647;
			files = (
			);
			runOnlyForDeploymentPostprocessing = 0;
		};
/* End PBXFrameworksBuildPhase section */

/* Begin PBXGroup section */
		12E504F81A2717890045A82F = {
			isa = PBXGroup;
			children = (
				12E505031A2717890045A82F /* Radio Head */,
				12E505191A2717890045A82F /* Radio HeadTests */,
				12E505021A2717890045A82F /* Products */,
			);
			sourceTree = "<group>";
		};
		12E505021A2717890045A82F /* Products */ = {
			isa = PBXGroup;
			children = (
				12E505011A2717890045A82F /* Radio Head.app */,
				12E505161A2717890045A82F /* Radio HeadTests.xctest */,
			);
			name = Products;
			sourceTree = "<group>";
		};
		12E505031A2717890045A82F /* Radio Head */ = {
			isa = PBXGroup;
			children = (
				1228B6CD1A2BA10700561ACB /* movie_quote.mp3 */,
				12E505061A2717890045A82F /* AppDelegate.swift */,
				12E505081A2717890045A82F /* ViewController.swift */,
				12E5050A1A2717890045A82F /* Main.storyboard */,
				1228B6C91A2B912D00561ACB /* PlaySoundsViewController.swift */,
				12E5050D1A2717890045A82F /* Images.xcassets */,
				12E5050F1A2717890045A82F /* LaunchScreen.xib */,
				12E505041A2717890045A82F /* Supporting Files */,
			);
			path = "Radio Head";
			sourceTree = "<group>";
		};
		12E505041A2717890045A82F /* Supporting Files */ = {
			isa = PBXGroup;
			children = (
				12E505051A2717890045A82F /* Info.plist */,
			);
			name = "Supporting Files";
			sourceTree = "<group>";
		};
		12E505191A2717890045A82F /* Radio HeadTests */ = {
			isa = PBXGroup;
			children = (
				12E5051C1A2717890045A82F /* Radio_HeadTests.swift */,
				12E5051A1A2717890045A82F /* Supporting Files */,
			);
			path = "Radio HeadTests";
			sourceTree = "<group>";
		};
		12E5051A1A2717890045A82F /* Supporting Files */ = {
			isa = PBXGroup;
			children = (
				12E5051B1A2717890045A82F /* Info.plist */,
			);
			name = "Supporting Files";
			sourceTree = "<group>";
		};
/* End PBXGroup section */

/* Begin PBXNativeTarget section */
		12E505001A2717890045A82F /* Radio Head */ = {
			isa = PBXNativeTarget;
			buildConfigurationList = 12E505201A2717890045A82F /* Build configuration list for PBXNativeTarget "Radio Head" */;
			buildPhases = (
				12E504FD1A2717890045A82F /* Sources */,
				12E504FE1A2717890045A82F /* Frameworks */,
				12E504FF1A2717890045A82F /* Resources */,
			);
			buildRules = (
			);
			dependencies = (
			);
			name = "Radio Head";
			productName = "Radio Head";
			productReference = 12E505011A2717890045A82F /* Radio Head.app */;
			productType = "com.apple.product-type.application";
		};
		12E505151A2717890045A82F /* Radio HeadTests */ = {
			isa = PBXNativeTarget;
			buildConfigurationList = 12E505231A2717890045A82F /* Build configuration list for PBXNativeTarget "Radio HeadTests" */;
			buildPhases = (
				12E505121A2717890045A82F /* Sources */,
				12E505131A2717890045A82F /* Frameworks */,
				12E505141A2717890045A82F /* Resources */,
			);
			buildRules = (
			);
			dependencies = (
				12E505181A2717890045A82F /* PBXTargetDependency */,
			);
			name = "Radio HeadTests";
			productName = "Radio HeadTests";
			productReference = 12E505161A2717890045A82F /* Radio HeadTests.xctest */;
			productType = "com.apple.product-type.bundle.unit-test";
		};
/* End PBXNativeTarget section */

/* Begin PBXProject section */
		12E504F91A2717890045A82F /* Project object */ = {
			isa = PBXProject;
			attributes = {
				LastUpgradeCheck = 0610;
				ORGANIZATIONNAME = arm;
				TargetAttributes = {
					12E505001A2717890045A82F = {
						CreatedOnToolsVersion = 6.1;
					};
					12E505151A2717890045A82F = {
						CreatedOnToolsVersion = 6.1;
						TestTargetID = 12E505001A2717890045A82F;
					};
				};
			};
			buildConfigurationList = 12E504FC1A2717890045A82F /* Build configuration list for PBXProject "Radio Head" */;
			compatibilityVersion = "Xcode 3.2";
			developmentRegion = English;
			hasScannedForEncodings = 0;
			knownRegions = (
				en,
				Base,
			);
			mainGroup = 12E504F81A2717890045A82F;
			productRefGroup = 12E505021A2717890045A82F /* Products */;
			projectDirPath = "";
			projectRoot = "";
			targets = (
				12E505001A2717890045A82F /* Radio Head */,
				12E505151A2717890045A82F /* Radio HeadTests */,
			);
		};
/* End PBXProject section */

/* Begin PBXResourcesBuildPhase section */
		12E504FF1A2717890045A82F /* Resources */ = {
			isa = PBXResourcesBuildPhase;
			buildActionMask = 2147483647;
			files = (
				12E5050C1A2717890045A82F /* Main.storyboard in Resources */,
				12E505111A2717890045A82F /* LaunchScreen.xib in Resources */,
				1228B6CE1A2BA10700561ACB /* movie_quote.mp3 in Resources */,
				12E5050E1A2717890045A82F /* Images.xcassets in Resources */,
			);
			runOnlyForDeploymentPostprocessing = 0;
		};
		12E505141A2717890045A82F /* Resources */ = {
			isa = PBXResourcesBuildPhase;
			buildActionMask = 2147483647;
			files = (
			);
			runOnlyForDeploymentPostprocessing = 0;
		};
/* End PBXResourcesBuildPhase section */

/* Begin PBXSourcesBuildPhase section */
		12E504FD1A2717890045A82F /* Sources */ = {
			isa = PBXSourcesBuildPhase;
			buildActionMask = 2147483647;
			files = (
				12E505091A2717890045A82F /* ViewController.swift in Sources */,
				1228B6CA1A2B912D00561ACB /* PlaySoundsViewController.swift in Sources */,
				12E505071A2717890045A82F /* AppDelegate.swift in Sources */,
			);
			runOnlyForDeploymentPostprocessing = 0;
		};
		12E505121A2717890045A82F /* Sources */ = {
			isa = PBXSourcesBuildPhase;
			buildActionMask = 2147483647;
			files = (
				12E5051D1A2717890045A82F /* Radio_HeadTests.swift in Sources */,
			);
			runOnlyForDeploymentPostprocessing = 0;
		};
/* End PBXSourcesBuildPhase section */

/* Begin PBXTargetDependency section */
		12E505181A2717890045A82F /* PBXTargetDependency */ = {
			isa = PBXTargetDependency;
			target = 12E505001A2717890045A82F /* Radio Head */;
			targetProxy = 12E505171A2717890045A82F /* PBXContainerItemProxy */;
		};
/* End PBXTargetDependency section */

/* Begin PBXVariantGroup section */
		12E5050A1A2717890045A82F /* Main.storyboard */ = {
			isa = PBXVariantGroup;
			children = (
				12E5050B1A2717890045A82F /* Base */,
			);
			name = Main.storyboard;
			sourceTree = "<group>";
		};
		12E5050F1A2717890045A82F /* LaunchScreen.xib */ = {
			isa = PBXVariantGroup;
			children = (
				12E505101A2717890045A82F /* Base */,
			);
			name = LaunchScreen.xib;
			sourceTree = "<group>";
		};
/* End PBXVariantGroup section */

/* Begin XCBuildConfiguration section */
		12E5051E1A2717890045A82F /* Debug */ = {
			isa = XCBuildConfiguration;
			buildSettings = {
				ALWAYS_SEARCH_USER_PATHS = NO;
				CLANG_CXX_LANGUAGE_STANDARD = "gnu++0x";
				CLANG_CXX_LIBRARY = "libc++";
				CLANG_ENABLE_MODULES = YES;
				CLANG_ENABLE_OBJC_ARC = YES;
				CLANG_WARN_BOOL_CONVERSION = YES;
				CLANG_WARN_CONSTANT_CONVERSION = YES;
				CLANG_WARN_DIRECT_OBJC_ISA_USAGE = YES_ERROR;
				CLANG_WARN_EMPTY_BODY = YES;
				CLANG_WARN_ENUM_CONVERSION = YES;
				CLANG_WARN_INT_CONVERSION = YES;
				CLANG_WARN_OBJC_ROOT_CLASS = YES_ERROR;
				CLANG_WARN_UNREACHABLE_CODE = YES;
				CLANG_WARN__DUPLICATE_METHOD_MATCH = YES;
				"CODE_SIGN_IDENTITY[sdk=iphoneos*]" = "iPhone Developer";
				COPY_PHASE_STRIP = NO;
				ENABLE_STRICT_OBJC_MSGSEND = YES;
				GCC_C_LANGUAGE_STANDARD = gnu99;
				GCC_DYNAMIC_NO_PIC = NO;
				GCC_OPTIMIZATION_LEVEL = 0;
				GCC_PREPROCESSOR_DEFINITIONS = (
					"DEBUG=1",
					"$(inherited)",
				);
				GCC_SYMBOLS_PRIVATE_EXTERN = NO;
				GCC_WARN_64_TO_32_BIT_CONVERSION = YES;
				GCC_WARN_ABOUT_RETURN_TYPE = YES_ERROR;
				GCC_WARN_UNDECLARED_SELECTOR = YES;
				GCC_WARN_UNINITIALIZED_AUTOS = YES_AGGRESSIVE;
				GCC_WARN_UNUSED_FUNCTION = YES;
				GCC_WARN_UNUSED_VARIABLE = YES;
				IPHONEOS_DEPLOYMENT_TARGET = 8.1;
				MTL_ENABLE_DEBUG_INFO = YES;
				ONLY_ACTIVE_ARCH = YES;
				SDKROOT = iphoneos;
				SWIFT_OPTIMIZATION_LEVEL = "-Onone";
			};
			name = Debug;
		};
		12E5051F1A2717890045A82F /* Release */ = {
			isa = XCBuildConfiguration;
			buildSettings = {
				ALWAYS_SEARCH_USER_PATHS = NO;
				CLANG_CXX_LANGUAGE_STANDARD = "gnu++0x";
				CLANG_CXX_LIBRARY = "libc++";
				CLANG_ENABLE_MODULES = YES;
				CLANG_ENABLE_OBJC_ARC = YES;
				CLANG_WARN_BOOL_CONVERSION = YES;
				CLANG_WARN_CONSTANT_CONVERSION = YES;
				CLANG_WARN_DIRECT_OBJC_ISA_USAGE = YES_ERROR;
				CLANG_WARN_EMPTY_BODY = YES;
				CLANG_WARN_ENUM_CONVERSION = YES;
				CLANG_WARN_INT_CONVERSION = YES;
				CLANG_WARN_OBJC_ROOT_CLASS = YES_ERROR;
				CLANG_WARN_UNREACHABLE_CODE = YES;
				CLANG_WARN__DUPLICATE_METHOD_MATCH = YES;
				"CODE_SIGN_IDENTITY[sdk=iphoneos*]" = "iPhone Developer";
				COPY_PHASE_STRIP = YES;
				ENABLE_NS_ASSERTIONS = NO;
				ENABLE_STRICT_OBJC_MSGSEND = YES;
				GCC_C_LANGUAGE_STANDARD = gnu99;
				GCC_WARN_64_TO_32_BIT_CONVERSION = YES;
				GCC_WARN_ABOUT_RETURN_TYPE = YES_ERROR;
				GCC_WARN_UNDECLARED_SELECTOR = YES;
				GCC_WARN_UNINITIALIZED_AUTOS = YES_AGGRESSIVE;
				GCC_WARN_UNUSED_FUNCTION = YES;
				GCC_WARN_UNUSED_VARIABLE = YES;
				IPHONEOS_DEPLOYMENT_TARGET = 8.1;
				MTL_ENABLE_DEBUG_INFO = NO;
				SDKROOT = iphoneos;
				VALIDATE_PRODUCT = YES;
			};
			name = Release;
		};
		12E505211A2717890045A82F /* Debug */ = {
			isa = XCBuildConfiguration;
			buildSettings = {
				ASSETCATALOG_COMPILER_APPICON_NAME = AppIcon;
				INFOPLIST_FILE = "Radio Head/Info.plist";
				LD_RUNPATH_SEARCH_PATHS = "$(inherited) @executable_path/Frameworks";
				PRODUCT_NAME = "$(TARGET_NAME)";
			};
			name = Debug;
		};
		12E505221A2717890045A82F /* Release */ = {
			isa = XCBuildConfiguration;
			buildSettings = {
				ASSETCATALOG_COMPILER_APPICON_NAME = AppIcon;
				INFOPLIST_FILE = "Radio Head/Info.plist";
				LD_RUNPATH_SEARCH_PATHS = "$(inherited) @executable_path/Frameworks";
				PRODUCT_NAME = "$(TARGET_NAME)";
			};
			name = Release;
		};
		12E505241A2717890045A82F /* Debug */ = {
			isa = XCBuildConfiguration;
			buildSettings = {
				BUNDLE_LOADER = "$(TEST_HOST)";
				FRAMEWORK_SEARCH_PATHS = (
					"$(SDKROOT)/Developer/Library/Frameworks",
					"$(inherited)",
				);
				GCC_PREPROCESSOR_DEFINITIONS = (
					"DEBUG=1",
					"$(inherited)",
				);
				INFOPLIST_FILE = "Radio HeadTests/Info.plist";
				LD_RUNPATH_SEARCH_PATHS = "$(inherited) @executable_path/Frameworks @loader_path/Frameworks";
				PRODUCT_NAME = "$(TARGET_NAME)";
				TEST_HOST = "$(BUILT_PRODUCTS_DIR)/Radio Head.app/Radio Head";
			};
			name = Debug;
		};
		12E505251A2717890045A82F /* Release */ = {
			isa = XCBuildConfiguration;
			buildSettings = {
				BUNDLE_LOADER = "$(TEST_HOST)";
				FRAMEWORK_SEARCH_PATHS = (
					"$(SDKROOT)/Developer/Library/Frameworks",
					"$(inherited)",
				);
				INFOPLIST_FILE = "Radio HeadTests/Info.plist";
				LD_RUNPATH_SEARCH_PATHS = "$(inherited) @executable_path/Frameworks @loader_path/Frameworks";
				PRODUCT_NAME = "$(TARGET_NAME)";
				TEST_HOST = "$(BUILT_PRODUCTS_DIR)/Radio Head.app/Radio Head";
			};
			name = Release;
		};
/* End XCBuildConfiguration section */

/* Begin XCConfigurationList section */
		12E504FC1A2717890045A82F /* Build configuration list for PBXProject "Radio Head" */ = {
			isa = XCConfigurationList;
			buildConfigurations = (
				12E5051E1A2717890045A82F /* Debug */,
				12E5051F1A2717890045A82F /* Release */,
			);
			defaultConfigurationIsVisible = 0;
			defaultConfigurationName = Release;
		};
		12E505201A2717890045A82F /* Build configuration list for PBXNativeTarget "Radio Head" */ = {
			isa = XCConfigurationList;
			buildConfigurations = (
				12E505211A2717890045A82F /* Debug */,
				12E505221A2717890045A82F /* Release */,
			);
			defaultConfigurationIsVisible = 0;
			defaultConfigurationName = Release;
		};
		12E505231A2717890045A82F /* Build configuration list for PBXNativeTarget "Radio HeadTests" */ = {
			isa = XCConfigurationList;
			buildConfigurations = (
				12E505241A2717890045A82F /* Debug */,
				12E505251A2717890045A82F /* Release */,
			);
			defaultConfigurationIsVisible = 0;
			defaultConfigurationName = Release;
		};
/* End XCConfigurationList section */
	};
	rootObject = 12E504F91A2717890045A82F /* Project object */;
}
